{
  "name": "test2-lit-element-jrzd",
  "version": "1.0.0",
  "lockfileVersion": 2,
  "requires": true,
  "packages": {
    "": {
      "name": "test2-lit-element-jrzd",
      "version": "1.0.0",
      "license": "ISC",
      "dependencies": {
        "@material/mwc-button": "^0.27.0",
        "@material/mwc-list": "^0.27.0",
        "@material/mwc-select": "^0.27.0",
        "@material/mwc-textfield": "^0.27.0",
        "lit": "^2.4.1"
      }
    },
    "node_modules/@lit/reactive-element": {
      "version": "1.4.2",
      "resolved": "https://registry.npmjs.org/@lit/reactive-element/-/reactive-element-1.4.2.tgz",
      "integrity": "sha512-VMOxsWh/QDwrxPsgkSQnuZ+8mfNy1OTjzzUdLBvvZtpahwPTHTeVZ51RZRqO4xfKVrR+btIPA8D01IL3xeG66w=="
    },
    "node_modules/@material/animation": {
      "version": "14.0.0-canary.53b3cad2f.0",
      "resolved": "https://registry.npmjs.org/@material/animation/-/animation-14.0.0-canary.53b3cad2f.0.tgz",
      "integrity": "sha512-GBuR4VmcTQW1D0lPXEosf5Giho72LLbyGIydWGtaEUtLJoive/D9kFkwTN4Fsyt9Kkl7hbhs35vrNe6QkAH4/Q==",
      "dependencies": {
        "tslib": "^2.1.0"
      }
    },
    "node_modules/@material/base": {
      "version": "14.0.0-canary.53b3cad2f.0",
      "resolved": "https://registry.npmjs.org/@material/base/-/base-14.0.0-canary.53b3cad2f.0.tgz",
      "integrity": "sha512-UJKbXwZtkrA3sfQDmj8Zbw1Q3Tqtl6KdfVFws95Yf7TCUgTFzbZI/FSx1w7dVugQPOEnIBuZnzqZam/MtHkx4w==",
      "dependencies": {
        "tslib": "^2.1.0"
      }
    },
    "node_modules/@material/density": {
      "version": "14.0.0-canary.53b3cad2f.0",
      "resolved": "https://registry.npmjs.org/@material/density/-/density-14.0.0-canary.53b3cad2f.0.tgz",
      "integrity": "sha512-Eh/vZ3vVyqtpylg5Ci33qlgtToS4H1/ppd450Ib3tcdISIoodgijYY0w4XsRvrnZgbI/h/1STFdLxdzS0UNuFw==",
      "dependencies": {
        "tslib": "^2.1.0"
      }
    },
    "node_modules/@material/dom": {
      "version": "14.0.0-canary.53b3cad2f.0",
      "resolved": "https://registry.npmjs.org/@material/dom/-/dom-14.0.0-canary.53b3cad2f.0.tgz",
      "integrity": "sha512-aR+rfncF6oi2ivdOlKSJI4UXwNzWV5rXM88MLDoSJF1D7lXxhAKhge+tMUBodWGV/q0+FnXLuVAa0WYTrKjo+A==",
      "dependencies": {
        "@material/feature-targeting": "14.0.0-canary.53b3cad2f.0",
        "tslib": "^2.1.0"
      }
    },
    "node_modules/@material/elevation": {
      "version": "14.0.0-canary.53b3cad2f.0",
      "resolved": "https://registry.npmjs.org/@material/elevation/-/elevation-14.0.0-canary.53b3cad2f.0.tgz",
      "integrity": "sha512-3h+EkR588RMZ5TSNQ4UeXD1FOBnL3ABQix0DQIGwtNJCqSMoPndT/oJEFvwQbTkZNDbFIKN9p1Q7/KuFPVY8Pw==",
      "dependencies": {
        "@material/animation": "14.0.0-canary.53b3cad2f.0",
        "@material/base": "14.0.0-canary.53b3cad2f.0",
        "@material/feature-targeting": "14.0.0-canary.53b3cad2f.0",
        "@material/rtl": "14.0.0-canary.53b3cad2f.0",
        "@material/theme": "14.0.0-canary.53b3cad2f.0",
        "tslib": "^2.1.0"
      }
    },
    "node_modules/@material/feature-targeting": {
      "version": "14.0.0-canary.53b3cad2f.0",
      "resolved": "https://registry.npmjs.org/@material/feature-targeting/-/feature-targeting-14.0.0-canary.53b3cad2f.0.tgz",
      "integrity": "sha512-fn7Af3PRyARtNeYqtjxXmE3Y/dCpnpQVWWys57MqiGR/nvc6qpgOfJ6rOdcu/MrOysOE/oebTUDmDnTmwpe9Hw==",
      "dependencies": {
        "tslib": "^2.1.0"
      }
    },
    "node_modules/@material/floating-label": {
      "version": "14.0.0-canary.53b3cad2f.0",
      "resolved": "https://registry.npmjs.org/@material/floating-label/-/floating-label-14.0.0-canary.53b3cad2f.0.tgz",
      "integrity": "sha512-gHZUTTVKnP+Zjz4l9IT/G89NPmypn5FlTGLWKKqXbuQphr37rsKFR3Y80SJxULRyMDnAdKSxuZwiXLFKQz9KlA==",
      "dependencies": {
        "@material/animation": "14.0.0-canary.53b3cad2f.0",
        "@material/base": "14.0.0-canary.53b3cad2f.0",
        "@material/dom": "14.0.0-canary.53b3cad2f.0",
        "@material/feature-targeting": "14.0.0-canary.53b3cad2f.0",
        "@material/rtl": "14.0.0-canary.53b3cad2f.0",
        "@material/theme": "14.0.0-canary.53b3cad2f.0",
        "@material/typography": "14.0.0-canary.53b3cad2f.0",
        "tslib": "^2.1.0"
      }
    },
    "node_modules/@material/focus-ring": {
      "version": "14.0.0-canary.53b3cad2f.0",
      "resolved": "https://registry.npmjs.org/@material/focus-ring/-/focus-ring-14.0.0-canary.53b3cad2f.0.tgz",
      "integrity": "sha512-exPX5VrjQimipBwgcFDGRiEE783sOBgpkFui59A6i6iGvS2UrLHlYY2E65fyyyQnD1f/rv4Po1OOnCesE1kulg==",
      "dependencies": {
        "@material/dom": "14.0.0-canary.53b3cad2f.0",
        "@material/feature-targeting": "14.0.0-canary.53b3cad2f.0",
        "@material/rtl": "14.0.0-canary.53b3cad2f.0"
      }
    },
    "node_modules/@material/line-ripple": {
      "version": "14.0.0-canary.53b3cad2f.0",
      "resolved": "https://registry.npmjs.org/@material/line-ripple/-/line-ripple-14.0.0-canary.53b3cad2f.0.tgz",
      "integrity": "sha512-k8f8uuDwnSqZZ98CzbYtQVtxlp1ryUup9nd2uobo3kiqQNlQfXdGkVjuCXcla0OPiKFizNn7dS6Kl/j6L09XUA==",
      "dependencies": {
        "@material/animation": "14.0.0-canary.53b3cad2f.0",
        "@material/base": "14.0.0-canary.53b3cad2f.0",
        "@material/feature-targeting": "14.0.0-canary.53b3cad2f.0",
        "@material/theme": "14.0.0-canary.53b3cad2f.0",
        "tslib": "^2.1.0"
      }
    },
    "node_modules/@material/list": {
      "version": "14.0.0-canary.53b3cad2f.0",
      "resolved": "https://registry.npmjs.org/@material/list/-/list-14.0.0-canary.53b3cad2f.0.tgz",
      "integrity": "sha512-mkMpltSKAYLBtFnTTCk/mQIDzwxF/VLh1gh59ehOtmRXt7FvTz83RoAa4tqe53hpVrbX4HoLDBu+vILhq/wkjw==",
      "dependencies": {
        "@material/base": "14.0.0-canary.53b3cad2f.0",
        "@material/density": "14.0.0-canary.53b3cad2f.0",
        "@material/dom": "14.0.0-canary.53b3cad2f.0",
        "@material/feature-targeting": "14.0.0-canary.53b3cad2f.0",
        "@material/ripple": "14.0.0-canary.53b3cad2f.0",
        "@material/rtl": "14.0.0-canary.53b3cad2f.0",
        "@material/shape": "14.0.0-canary.53b3cad2f.0",
        "@material/theme": "14.0.0-canary.53b3cad2f.0",
        "@material/typography": "14.0.0-canary.53b3cad2f.0",
        "tslib": "^2.1.0"
      }
    },
    "node_modules/@material/menu": {
      "version": "14.0.0-canary.53b3cad2f.0",
      "resolved": "https://registry.npmjs.org/@material/menu/-/menu-14.0.0-canary.53b3cad2f.0.tgz",
      "integrity": "sha512-MmYKVrMIqOtP3TN4vdrrnQrS8P81+tMaA6bKiT9V79R1U6+mKsBYTzaLtLbzyem5vF8O0q7bSwyPwhWPtJr75Q==",
      "dependencies": {
        "@material/base": "14.0.0-canary.53b3cad2f.0",
        "@material/dom": "14.0.0-canary.53b3cad2f.0",
        "@material/elevation": "14.0.0-canary.53b3cad2f.0",
        "@material/feature-targeting": "14.0.0-canary.53b3cad2f.0",
        "@material/list": "14.0.0-canary.53b3cad2f.0",
        "@material/menu-surface": "14.0.0-canary.53b3cad2f.0",
        "@material/ripple": "14.0.0-canary.53b3cad2f.0",
        "@material/rtl": "14.0.0-canary.53b3cad2f.0",
        "@material/theme": "14.0.0-canary.53b3cad2f.0",
        "tslib": "^2.1.0"
      }
    },
    "node_modules/@material/menu-surface": {
      "version": "14.0.0-canary.53b3cad2f.0",
      "resolved": "https://registry.npmjs.org/@material/menu-surface/-/menu-surface-14.0.0-canary.53b3cad2f.0.tgz",
      "integrity": "sha512-IQWb/n15FpLnn+kHp0EqzLE+UoWSPumq3eze2QifiowvGb37bNFR9oSe7CaOzPMrHdkrZ5SBWnDU41wPZN5kOg==",
      "dependencies": {
        "@material/animation": "14.0.0-canary.53b3cad2f.0",
        "@material/base": "14.0.0-canary.53b3cad2f.0",
        "@material/elevation": "14.0.0-canary.53b3cad2f.0",
        "@material/feature-targeting": "14.0.0-canary.53b3cad2f.0",
        "@material/rtl": "14.0.0-canary.53b3cad2f.0",
        "@material/shape": "14.0.0-canary.53b3cad2f.0",
        "@material/theme": "14.0.0-canary.53b3cad2f.0",
        "tslib": "^2.1.0"
      }
    },
    "node_modules/@material/mwc-base": {
      "version": "0.27.0",
      "resolved": "https://registry.npmjs.org/@material/mwc-base/-/mwc-base-0.27.0.tgz",
      "integrity": "sha512-oCWWtjbyQ52AaUbzINLGBKScIPyqhps2Y7c8t6Gu6fcFeDxhKXMV1Cqvtj/OMhtAt53XjHfD2XruWwYv3cYYUA==",
      "dependencies": {
        "@material/base": "=14.0.0-canary.53b3cad2f.0",
        "@material/dom": "=14.0.0-canary.53b3cad2f.0",
        "lit": "^2.0.0",
        "tslib": "^2.0.1"
      }
    },
    "node_modules/@material/mwc-button": {
      "version": "0.27.0",
      "resolved": "https://registry.npmjs.org/@material/mwc-button/-/mwc-button-0.27.0.tgz",
      "integrity": "sha512-t5m2zfE93RNKHMjdsU67X6csFzuSG08VJKKvXVQ+BriGE3xBgzY5nZdmZXomFpaWjDENPAlyS4ppCFm6o+DILw==",
      "dependencies": {
        "@material/mwc-icon": "^0.27.0",
        "@material/mwc-ripple": "^0.27.0",
        "lit": "^2.0.0",
        "tslib": "^2.0.1"
      }
    },
    "node_modules/@material/mwc-checkbox": {
      "version": "0.27.0",
      "resolved": "https://registry.npmjs.org/@material/mwc-checkbox/-/mwc-checkbox-0.27.0.tgz",
      "integrity": "sha512-EY0iYZLwo8qaqMwR5da4fdn0xI0BZNAvKTcwoubYWpDDHlGxDcqwvjp/40ChGo3Q/zv8/4/A0Qp7cwapI82EkA==",
      "dependencies": {
        "@material/mwc-base": "^0.27.0",
        "@material/mwc-ripple": "^0.27.0",
        "lit": "^2.0.0",
        "tslib": "^2.0.1"
      }
    },
    "node_modules/@material/mwc-floating-label": {
      "version": "0.27.0",
      "resolved": "https://registry.npmjs.org/@material/mwc-floating-label/-/mwc-floating-label-0.27.0.tgz",
      "integrity": "sha512-uLleloTxQ6dDShcZzqgqfC8otQY8DtGMO9HFQbAEncoFAWpAehcEonsuT/IUhMORN+c5un0P5WXwcZsInJb7og==",
      "dependencies": {
        "@material/floating-label": "=14.0.0-canary.53b3cad2f.0",
        "lit": "^2.0.0",
        "tslib": "^2.0.1"
      }
    },
    "node_modules/@material/mwc-icon": {
      "version": "0.27.0",
      "resolved": "https://registry.npmjs.org/@material/mwc-icon/-/mwc-icon-0.27.0.tgz",
      "integrity": "sha512-Sul44I37M9Ewynn0A9DjkEBrmll2VtNbth6Pxj7I1A/EAwEfaCrPvryyGqfIu1T2hTsRcaojzQx6QjF+B5QW9A==",
      "dependencies": {
        "lit": "^2.0.0",
        "tslib": "^2.0.1"
      }
    },
    "node_modules/@material/mwc-line-ripple": {
      "version": "0.27.0",
      "resolved": "https://registry.npmjs.org/@material/mwc-line-ripple/-/mwc-line-ripple-0.27.0.tgz",
      "integrity": "sha512-n9Xpt5g3RJEl9rvk14OP6dUNJUtsJA46beTQiep7ppO7IPVFLC1v/5sPpUzfNPUBsclSPxdBuNlCxsgcIYueUw==",
      "dependencies": {
        "@material/line-ripple": "=14.0.0-canary.53b3cad2f.0",
        "lit": "^2.0.0",
        "tslib": "^2.0.1"
      }
    },
    "node_modules/@material/mwc-list": {
      "version": "0.27.0",
      "resolved": "https://registry.npmjs.org/@material/mwc-list/-/mwc-list-0.27.0.tgz",
      "integrity": "sha512-oAhNQsBuAOgF3ENOIY8PeWjXsl35HoYaUkl0ixBQk8jJP2HIEf+MdbS5688y/UXxFbSjr0m//LfwR5gauEashg==",
      "dependencies": {
        "@material/base": "=14.0.0-canary.53b3cad2f.0",
        "@material/dom": "=14.0.0-canary.53b3cad2f.0",
        "@material/list": "=14.0.0-canary.53b3cad2f.0",
        "@material/mwc-base": "^0.27.0",
        "@material/mwc-checkbox": "^0.27.0",
        "@material/mwc-radio": "^0.27.0",
        "@material/mwc-ripple": "^0.27.0",
        "lit": "^2.0.0",
        "tslib": "^2.0.1"
      }
    },
    "node_modules/@material/mwc-menu": {
      "version": "0.27.0",
      "resolved": "https://registry.npmjs.org/@material/mwc-menu/-/mwc-menu-0.27.0.tgz",
      "integrity": "sha512-K+L/t267ZGrlhjK/iSKUVZQKRMkWELArKVglfS5of93ALP4in0RGnj1sOG2u3IFI2F/mEZxRi+wr7HgNxpe0wA==",
      "dependencies": {
        "@material/menu": "=14.0.0-canary.53b3cad2f.0",
        "@material/menu-surface": "=14.0.0-canary.53b3cad2f.0",
        "@material/mwc-base": "^0.27.0",
        "@material/mwc-list": "^0.27.0",
        "@material/shape": "=14.0.0-canary.53b3cad2f.0",
        "@material/theme": "=14.0.0-canary.53b3cad2f.0",
        "lit": "^2.0.0",
        "tslib": "^2.0.1"
      }
    },
    "node_modules/@material/mwc-notched-outline": {
      "version": "0.27.0",
      "resolved": "https://registry.npmjs.org/@material/mwc-notched-outline/-/mwc-notched-outline-0.27.0.tgz",
      "integrity": "sha512-IlqfQVaEd1RAHqhOG0Xk5JhTDgBe/P9og0pnACglK6bPE0vUhYKwibJiHcr4ACTPtGWHO9o92aktR+7AIEAKtQ==",
      "dependencies": {
        "@material/mwc-base": "^0.27.0",
        "@material/notched-outline": "=14.0.0-canary.53b3cad2f.0",
        "lit": "^2.0.0",
        "tslib": "^2.0.1"
      }
    },
    "node_modules/@material/mwc-radio": {
      "version": "0.27.0",
      "resolved": "https://registry.npmjs.org/@material/mwc-radio/-/mwc-radio-0.27.0.tgz",
      "integrity": "sha512-+rSO9a373BgyMgQOM0Z8vVkuieobBylPJ8qpltytM+yGPj8+n+MtwRZyg+ry3WwEjYYDMP6GxZPHwLgWs6lMpQ==",
      "dependencies": {
        "@material/mwc-base": "^0.27.0",
        "@material/mwc-ripple": "^0.27.0",
        "@material/radio": "=14.0.0-canary.53b3cad2f.0",
        "lit": "^2.0.0",
        "tslib": "^2.0.1"
      }
    },
    "node_modules/@material/mwc-ripple": {
      "version": "0.27.0",
      "resolved": "https://registry.npmjs.org/@material/mwc-ripple/-/mwc-ripple-0.27.0.tgz",
      "integrity": "sha512-by0O8d8g3Rd96/sUB8hxy6MrDx1QTstqOsA64vqypWd526hMTBGRik08jTNap5sVIyrN9Vq17jb4NJLWQLnNHQ==",
      "dependencies": {
        "@material/dom": "=14.0.0-canary.53b3cad2f.0",
        "@material/mwc-base": "^0.27.0",
        "@material/ripple": "=14.0.0-canary.53b3cad2f.0",
        "lit": "^2.0.0",
        "tslib": "^2.0.1"
      }
    },
    "node_modules/@material/mwc-select": {
      "version": "0.27.0",
      "resolved": "https://registry.npmjs.org/@material/mwc-select/-/mwc-select-0.27.0.tgz",
      "integrity": "sha512-LTr2nl7gAYq8ung4eWfUz24mey4/K9vAlqJBo/uu6w0122C9X64szBS9kHAb87aD1oxLkxAJCDuv/wwlXV1i2w==",
      "dependencies": {
        "@material/dom": "=14.0.0-canary.53b3cad2f.0",
        "@material/floating-label": "=14.0.0-canary.53b3cad2f.0",
        "@material/line-ripple": "=14.0.0-canary.53b3cad2f.0",
        "@material/list": "=14.0.0-canary.53b3cad2f.0",
        "@material/mwc-base": "^0.27.0",
        "@material/mwc-floating-label": "^0.27.0",
        "@material/mwc-icon": "^0.27.0",
        "@material/mwc-line-ripple": "^0.27.0",
        "@material/mwc-list": "^0.27.0",
        "@material/mwc-menu": "^0.27.0",
        "@material/mwc-notched-outline": "^0.27.0",
        "@material/select": "=14.0.0-canary.53b3cad2f.0",
        "lit": "^2.0.0",
        "tslib": "^2.0.1"
      }
    },
    "node_modules/@material/mwc-textfield": {
      "version": "0.27.0",
      "resolved": "https://registry.npmjs.org/@material/mwc-textfield/-/mwc-textfield-0.27.0.tgz",
      "integrity": "sha512-4/OEeEVAWWQ1DzpjeMLYLsa9HMlifOPjAvi0681Yj1g/RYJs5ONZS80HZ8HOT+efAOlZDugshgM4gdNS3I0XFQ==",
      "dependencies": {
        "@material/floating-label": "=14.0.0-canary.53b3cad2f.0",
        "@material/line-ripple": "=14.0.0-canary.53b3cad2f.0",
        "@material/mwc-base": "^0.27.0",
        "@material/mwc-floating-label": "^0.27.0",
        "@material/mwc-line-ripple": "^0.27.0",
        "@material/mwc-notched-outline": "^0.27.0",
        "@material/textfield": "=14.0.0-canary.53b3cad2f.0",
        "lit": "^2.0.0",
        "tslib": "^2.0.1"
      }
    },
    "node_modules/@material/notched-outline": {
      "version": "14.0.0-canary.53b3cad2f.0",
      "resolved": "https://registry.npmjs.org/@material/notched-outline/-/notched-outline-14.0.0-canary.53b3cad2f.0.tgz",
      "integrity": "sha512-3ByiPOC/wWQmFKfgJS98kb5/6v92n7uIfJ6v6sryKJlJCJn39qfpGcCM5RpRIws1RET1s1zBJT2JDwYeu/hM5A==",
      "dependencies": {
        "@material/base": "14.0.0-canary.53b3cad2f.0",
        "@material/feature-targeting": "14.0.0-canary.53b3cad2f.0",
        "@material/floating-label": "14.0.0-canary.53b3cad2f.0",
        "@material/rtl": "14.0.0-canary.53b3cad2f.0",
        "@material/shape": "14.0.0-canary.53b3cad2f.0",
        "@material/theme": "14.0.0-canary.53b3cad2f.0",
        "tslib": "^2.1.0"
      }
    },
    "node_modules/@material/radio": {
      "version": "14.0.0-canary.53b3cad2f.0",
      "resolved": "https://registry.npmjs.org/@material/radio/-/radio-14.0.0-canary.53b3cad2f.0.tgz",
      "integrity": "sha512-V/AgWEOuHFoh9d4Gq1rqBZnKSGtMLQNh23Bwrv0c1FhPqFvUpwt9jR3SVwhJk5gvQQWGy9p3iiGc9QCJ+0+P8Q==",
      "dependencies": {
        "@material/animation": "14.0.0-canary.53b3cad2f.0",
        "@material/base": "14.0.0-canary.53b3cad2f.0",
        "@material/density": "14.0.0-canary.53b3cad2f.0",
        "@material/dom": "14.0.0-canary.53b3cad2f.0",
        "@material/feature-targeting": "14.0.0-canary.53b3cad2f.0",
        "@material/focus-ring": "14.0.0-canary.53b3cad2f.0",
        "@material/ripple": "14.0.0-canary.53b3cad2f.0",
        "@material/theme": "14.0.0-canary.53b3cad2f.0",
        "@material/touch-target": "14.0.0-canary.53b3cad2f.0",
        "tslib": "^2.1.0"
      }
    },
    "node_modules/@material/ripple": {
      "version": "14.0.0-canary.53b3cad2f.0",
      "resolved": "https://registry.npmjs.org/@material/ripple/-/ripple-14.0.0-canary.53b3cad2f.0.tgz",
      "integrity": "sha512-6g2G62vd8DsMuIUSXlRrzb98qkZ4o8ZREknNwNP2zaLQEOkJ//4j9HaqDt98/3LIjUTY9UIVFTQENiMmlwKHYQ==",
      "dependencies": {
        "@material/animation": "14.0.0-canary.53b3cad2f.0",
        "@material/base": "14.0.0-canary.53b3cad2f.0",
        "@material/dom": "14.0.0-canary.53b3cad2f.0",
        "@material/feature-targeting": "14.0.0-canary.53b3cad2f.0",
        "@material/rtl": "14.0.0-canary.53b3cad2f.0",
        "@material/theme": "14.0.0-canary.53b3cad2f.0",
        "tslib": "^2.1.0"
      }
    },
    "node_modules/@material/rtl": {
      "version": "14.0.0-canary.53b3cad2f.0",
      "resolved": "https://registry.npmjs.org/@material/rtl/-/rtl-14.0.0-canary.53b3cad2f.0.tgz",
      "integrity": "sha512-f08LT0HSa0WYU+4Jz/tbm1TQ9Fcf2k+H6dPPYv0J1sZmX6hMgCEmNiUdUFLQFvszoXx2XrRi1/hIFjbz2e69Yg==",
      "dependencies": {
        "@material/theme": "14.0.0-canary.53b3cad2f.0",
        "tslib": "^2.1.0"
      }
    },
    "node_modules/@material/select": {
      "version": "14.0.0-canary.53b3cad2f.0",
      "resolved": "https://registry.npmjs.org/@material/select/-/select-14.0.0-canary.53b3cad2f.0.tgz",
      "integrity": "sha512-fAiTaHZ1PIEmCUbufS+IZvsWO0hDxtbU8rOsbmSu1oupAboP7jSgOVgcCGdT9KY5WacrniIIMO6jZjhnvrC0Lg==",
      "dependencies": {
        "@material/animation": "14.0.0-canary.53b3cad2f.0",
        "@material/base": "14.0.0-canary.53b3cad2f.0",
        "@material/density": "14.0.0-canary.53b3cad2f.0",
        "@material/dom": "14.0.0-canary.53b3cad2f.0",
        "@material/elevation": "14.0.0-canary.53b3cad2f.0",
        "@material/feature-targeting": "14.0.0-canary.53b3cad2f.0",
        "@material/floating-label": "14.0.0-canary.53b3cad2f.0",
        "@material/line-ripple": "14.0.0-canary.53b3cad2f.0",
        "@material/list": "14.0.0-canary.53b3cad2f.0",
        "@material/menu": "14.0.0-canary.53b3cad2f.0",
        "@material/menu-surface": "14.0.0-canary.53b3cad2f.0",
        "@material/notched-outline": "14.0.0-canary.53b3cad2f.0",
        "@material/ripple": "14.0.0-canary.53b3cad2f.0",
        "@material/rtl": "14.0.0-canary.53b3cad2f.0",
        "@material/shape": "14.0.0-canary.53b3cad2f.0",
        "@material/theme": "14.0.0-canary.53b3cad2f.0",
        "@material/tokens": "14.0.0-canary.53b3cad2f.0",
        "@material/typography": "14.0.0-canary.53b3cad2f.0",
        "tslib": "^2.1.0"
      }
    },
    "node_modules/@material/shape": {
      "version": "14.0.0-canary.53b3cad2f.0",
      "resolved": "https://registry.npmjs.org/@material/shape/-/shape-14.0.0-canary.53b3cad2f.0.tgz",
      "integrity": "sha512-RyjInLCNe+nI/ulKea0ZLHphXQDiDqYazS25SRn18g8Hoa5qGNaY5oOBncDXUYn3jm5oI5kFc9oif//kulkbjg==",
      "dependencies": {
        "@material/feature-targeting": "14.0.0-canary.53b3cad2f.0",
        "@material/rtl": "14.0.0-canary.53b3cad2f.0",
        "@material/theme": "14.0.0-canary.53b3cad2f.0",
        "tslib": "^2.1.0"
      }
    },
    "node_modules/@material/textfield": {
      "version": "14.0.0-canary.53b3cad2f.0",
      "resolved": "https://registry.npmjs.org/@material/textfield/-/textfield-14.0.0-canary.53b3cad2f.0.tgz",
      "integrity": "sha512-Pla9Tr94Is18o97E/mqHKdkR24rPES9atGm3BlXrNzyr5tu6+h++RBbxy7V6IExcfl0MX+v9Gyqz7sPZzFtwMA==",
      "dependencies": {
        "@material/animation": "14.0.0-canary.53b3cad2f.0",
        "@material/base": "14.0.0-canary.53b3cad2f.0",
        "@material/density": "14.0.0-canary.53b3cad2f.0",
        "@material/dom": "14.0.0-canary.53b3cad2f.0",
        "@material/feature-targeting": "14.0.0-canary.53b3cad2f.0",
        "@material/floating-label": "14.0.0-canary.53b3cad2f.0",
        "@material/line-ripple": "14.0.0-canary.53b3cad2f.0",
        "@material/notched-outline": "14.0.0-canary.53b3cad2f.0",
        "@material/ripple": "14.0.0-canary.53b3cad2f.0",
        "@material/rtl": "14.0.0-canary.53b3cad2f.0",
        "@material/shape": "14.0.0-canary.53b3cad2f.0",
        "@material/theme": "14.0.0-canary.53b3cad2f.0",
        "@material/tokens": "14.0.0-canary.53b3cad2f.0",
        "@material/typography": "14.0.0-canary.53b3cad2f.0",
        "tslib": "^2.1.0"
      }
    },
    "node_modules/@material/theme": {
      "version": "14.0.0-canary.53b3cad2f.0",
      "resolved": "https://registry.npmjs.org/@material/theme/-/theme-14.0.0-canary.53b3cad2f.0.tgz",
      "integrity": "sha512-S06XAevDCDWMe+GgsEpITMS07imUidzadNaTbJsqssFajBLr53QWVZsG84BpjXKXoYvyEJvb0hX5U0lq6ip9UQ==",
      "dependencies": {
        "@material/feature-targeting": "14.0.0-canary.53b3cad2f.0",
        "tslib": "^2.1.0"
      }
    },
    "node_modules/@material/tokens": {
      "version": "14.0.0-canary.53b3cad2f.0",
      "resolved": "https://registry.npmjs.org/@material/tokens/-/tokens-14.0.0-canary.53b3cad2f.0.tgz",
      "integrity": "sha512-myHFB7vac8zErA3qgkqmV+kpE+i9JEwc/6Yf0MOumDSpylJGw28QikpNC6eAVBK2EmPQTaFn20mqUxyud8dGqw==",
      "dependencies": {
        "@material/elevation": "14.0.0-canary.53b3cad2f.0"
      }
    },
    "node_modules/@material/touch-target": {
      "version": "14.0.0-canary.53b3cad2f.0",
      "resolved": "https://registry.npmjs.org/@material/touch-target/-/touch-target-14.0.0-canary.53b3cad2f.0.tgz",
      "integrity": "sha512-d83e5vbqoLyL542yOTTp4TLVltddWiqbI/j1w/D9ipE30YKfe2EDN+CNJc32Zufh5IUfK41DsZdrN8fI9cL99A==",
      "dependencies": {
        "@material/base": "14.0.0-canary.53b3cad2f.0",
        "@material/feature-targeting": "14.0.0-canary.53b3cad2f.0",
        "@material/rtl": "14.0.0-canary.53b3cad2f.0",
        "tslib": "^2.1.0"
      }
    },
    "node_modules/@material/typography": {
      "version": "14.0.0-canary.53b3cad2f.0",
      "resolved": "https://registry.npmjs.org/@material/typography/-/typography-14.0.0-canary.53b3cad2f.0.tgz",
      "integrity": "sha512-9J0k2fq7uyHsRzRqJDJLGmg3YzRpfRPtFDVeUH/xBcYoqpZE7wYw5Mb7s/l8eP626EtR7HhXhSPjvRTLA6NIJg==",
      "dependencies": {
        "@material/feature-targeting": "14.0.0-canary.53b3cad2f.0",
        "@material/theme": "14.0.0-canary.53b3cad2f.0",
        "tslib": "^2.1.0"
      }
    },
    "node_modules/@types/trusted-types": {
      "version": "2.0.2",
      "resolved": "https://registry.npmjs.org/@types/trusted-types/-/trusted-types-2.0.2.tgz",
      "integrity": "sha512-F5DIZ36YVLE+PN+Zwws4kJogq47hNgX3Nx6WyDJ3kcplxyke3XIzB8uK5n/Lpm1HBsbGzd6nmGehL8cPekP+Tg=="
    },
    "node_modules/lit": {
      "version": "2.4.1",
      "resolved": "https://registry.npmjs.org/lit/-/lit-2.4.1.tgz",
      "integrity": "sha512-qohSgLiyN1cFnJG26dIiY03S4F49857A0AHQfnS0zYtnUVnD2MFvx+UT52rtXsIuNFQrnUupX+zyGSATlk1f/A==",
      "dependencies": {
        "@lit/reactive-element": "^1.4.0",
        "lit-element": "^3.2.0",
        "lit-html": "^2.4.0"
      }
    },
    "node_modules/lit-element": {
      "version": "3.2.2",
      "resolved": "https://registry.npmjs.org/lit-element/-/lit-element-3.2.2.tgz",
      "integrity": "sha512-6ZgxBR9KNroqKb6+htkyBwD90XGRiqKDHVrW/Eh0EZ+l+iC+u+v+w3/BA5NGi4nizAVHGYvQBHUDuSmLjPp7NQ==",
      "dependencies": {
        "@lit/reactive-element": "^1.3.0",
        "lit-html": "^2.2.0"
      }
    },
    "node_modules/lit-html": {
      "version": "2.4.0",
      "resolved": "https://registry.npmjs.org/lit-html/-/lit-html-2.4.0.tgz",
      "integrity": "sha512-G6qXu4JNUpY6aaF2VMfaszhO9hlWw0hOTRFDmuMheg/nDYGB+2RztUSOyrzALAbr8Nh0Y7qjhYkReh3rPnplVg==",
      "dependencies": {
        "@types/trusted-types": "^2.0.2"
      }
    },
    "node_modules/tslib": {
      "version": "2.4.1",
      "resolved": "https://registry.npmjs.org/tslib/-/tslib-2.4.1.tgz",
      "integrity": "sha512-tGyy4dAjRIEwI7BzsB0lynWgOpfqjUdq91XXAlIWD2OwKBH7oCl/GZG/HT4BOHrTlPMOASlMQ7veyTqpmRcrNA=="
    }
  },
  "dependencies": {
    "@lit/reactive-element": {
      "version": "1.4.2",
      "resolved": "https://registry.npmjs.org/@lit/reactive-element/-/reactive-element-1.4.2.tgz",
      "integrity": "sha512-VMOxsWh/QDwrxPsgkSQnuZ+8mfNy1OTjzzUdLBvvZtpahwPTHTeVZ51RZRqO4xfKVrR+btIPA8D01IL3xeG66w=="
    },
    "@material/animation": {
      "version": "14.0.0-canary.53b3cad2f.0",
      "resolved": "https://registry.npmjs.org/@material/animation/-/animation-14.0.0-canary.53b3cad2f.0.tgz",
      "integrity": "sha512-GBuR4VmcTQW1D0lPXEosf5Giho72LLbyGIydWGtaEUtLJoive/D9kFkwTN4Fsyt9Kkl7hbhs35vrNe6QkAH4/Q==",
      "requires": {
        "tslib": "^2.1.0"
      }
    },
    "@material/base": {
      "version": "14.0.0-canary.53b3cad2f.0",
      "resolved": "https://registry.npmjs.org/@material/base/-/base-14.0.0-canary.53b3cad2f.0.tgz",
      "integrity": "sha512-UJKbXwZtkrA3sfQDmj8Zbw1Q3Tqtl6KdfVFws95Yf7TCUgTFzbZI/FSx1w7dVugQPOEnIBuZnzqZam/MtHkx4w==",
      "requires": {
        "tslib": "^2.1.0"
      }
    },
    "@material/density": {
      "version": "14.0.0-canary.53b3cad2f.0",
      "resolved": "https://registry.npmjs.org/@material/density/-/density-14.0.0-canary.53b3cad2f.0.tgz",
      "integrity": "sha512-Eh/vZ3vVyqtpylg5Ci33qlgtToS4H1/ppd450Ib3tcdISIoodgijYY0w4XsRvrnZgbI/h/1STFdLxdzS0UNuFw==",
      "requires": {
        "tslib": "^2.1.0"
      }
    },
    "@material/dom": {
      "version": "14.0.0-canary.53b3cad2f.0",
      "resolved": "https://registry.npmjs.org/@material/dom/-/dom-14.0.0-canary.53b3cad2f.0.tgz",
      "integrity": "sha512-aR+rfncF6oi2ivdOlKSJI4UXwNzWV5rXM88MLDoSJF1D7lXxhAKhge+tMUBodWGV/q0+FnXLuVAa0WYTrKjo+A==",
      "requires": {
        "@material/feature-targeting": "14.0.0-canary.53b3cad2f.0",
        "tslib": "^2.1.0"
      }
    },
    "@material/elevation": {
      "version": "14.0.0-canary.53b3cad2f.0",
      "resolved": "https://registry.npmjs.org/@material/elevation/-/elevation-14.0.0-canary.53b3cad2f.0.tgz",
      "integrity": "sha512-3h+EkR588RMZ5TSNQ4UeXD1FOBnL3ABQix0DQIGwtNJCqSMoPndT/oJEFvwQbTkZNDbFIKN9p1Q7/KuFPVY8Pw==",
      "requires": {
        "@material/animation": "14.0.0-canary.53b3cad2f.0",
        "@material/base": "14.0.0-canary.53b3cad2f.0",
        "@material/feature-targeting": "14.0.0-canary.53b3cad2f.0",
        "@material/rtl": "14.0.0-canary.53b3cad2f.0",
        "@material/theme": "14.0.0-canary.53b3cad2f.0",
        "tslib": "^2.1.0"
      }
    },
    "@material/feature-targeting": {
      "version": "14.0.0-canary.53b3cad2f.0",
      "resolved": "https://registry.npmjs.org/@material/feature-targeting/-/feature-targeting-14.0.0-canary.53b3cad2f.0.tgz",
      "integrity": "sha512-fn7Af3PRyARtNeYqtjxXmE3Y/dCpnpQVWWys57MqiGR/nvc6qpgOfJ6rOdcu/MrOysOE/oebTUDmDnTmwpe9Hw==",
      "requires": {
        "tslib": "^2.1.0"
      }
    },
    "@material/floating-label": {
      "version": "14.0.0-canary.53b3cad2f.0",
      "resolved": "https://registry.npmjs.org/@material/floating-label/-/floating-label-14.0.0-canary.53b3cad2f.0.tgz",
      "integrity": "sha512-gHZUTTVKnP+Zjz4l9IT/G89NPmypn5FlTGLWKKqXbuQphr37rsKFR3Y80SJxULRyMDnAdKSxuZwiXLFKQz9KlA==",
      "requires": {
        "@material/animation": "14.0.0-canary.53b3cad2f.0",
        "@material/base": "14.0.0-canary.53b3cad2f.0",
        "@material/dom": "14.0.0-canary.53b3cad2f.0",
        "@material/feature-targeting": "14.0.0-canary.53b3cad2f.0",
        "@material/rtl": "14.0.0-canary.53b3cad2f.0",
        "@material/theme": "14.0.0-canary.53b3cad2f.0",
        "@material/typography": "14.0.0-canary.53b3cad2f.0",
        "tslib": "^2.1.0"
      }
    },
    "@material/focus-ring": {
      "version": "14.0.0-canary.53b3cad2f.0",
      "resolved": "https://registry.npmjs.org/@material/focus-ring/-/focus-ring-14.0.0-canary.53b3cad2f.0.tgz",
      "integrity": "sha512-exPX5VrjQimipBwgcFDGRiEE783sOBgpkFui59A6i6iGvS2UrLHlYY2E65fyyyQnD1f/rv4Po1OOnCesE1kulg==",
      "requires": {
        "@material/dom": "14.0.0-canary.53b3cad2f.0",
        "@material/feature-targeting": "14.0.0-canary.53b3cad2f.0",
        "@material/rtl": "14.0.0-canary.53b3cad2f.0"
      }
    },
    "@material/line-ripple": {
      "version": "14.0.0-canary.53b3cad2f.0",
      "resolved": "https://registry.npmjs.org/@material/line-ripple/-/line-ripple-14.0.0-canary.53b3cad2f.0.tgz",
      "integrity": "sha512-k8f8uuDwnSqZZ98CzbYtQVtxlp1ryUup9nd2uobo3kiqQNlQfXdGkVjuCXcla0OPiKFizNn7dS6Kl/j6L09XUA==",
      "requires": {
        "@material/animation": "14.0.0-canary.53b3cad2f.0",
        "@material/base": "14.0.0-canary.53b3cad2f.0",
        "@material/feature-targeting": "14.0.0-canary.53b3cad2f.0",
        "@material/theme": "14.0.0-canary.53b3cad2f.0",
        "tslib": "^2.1.0"
      }
    },
    "@material/list": {
      "version": "14.0.0-canary.53b3cad2f.0",
      "resolved": "https://registry.npmjs.org/@material/list/-/list-14.0.0-canary.53b3cad2f.0.tgz",
      "integrity": "sha512-mkMpltSKAYLBtFnTTCk/mQIDzwxF/VLh1gh59ehOtmRXt7FvTz83RoAa4tqe53hpVrbX4HoLDBu+vILhq/wkjw==",
      "requires": {
        "@material/base": "14.0.0-canary.53b3cad2f.0",
        "@material/density": "14.0.0-canary.53b3cad2f.0",
        "@material/dom": "14.0.0-canary.53b3cad2f.0",
        "@material/feature-targeting": "14.0.0-canary.53b3cad2f.0",
        "@material/ripple": "14.0.0-canary.53b3cad2f.0",
        "@material/rtl": "14.0.0-canary.53b3cad2f.0",
        "@material/shape": "14.0.0-canary.53b3cad2f.0",
        "@material/theme": "14.0.0-canary.53b3cad2f.0",
        "@material/typography": "14.0.0-canary.53b3cad2f.0",
        "tslib": "^2.1.0"
      }
    },
    "@material/menu": {
      "version": "14.0.0-canary.53b3cad2f.0",
      "resolved": "https://registry.npmjs.org/@material/menu/-/menu-14.0.0-canary.53b3cad2f.0.tgz",
      "integrity": "sha512-MmYKVrMIqOtP3TN4vdrrnQrS8P81+tMaA6bKiT9V79R1U6+mKsBYTzaLtLbzyem5vF8O0q7bSwyPwhWPtJr75Q==",
      "requires": {
        "@material/base": "14.0.0-canary.53b3cad2f.0",
        "@material/dom": "14.0.0-canary.53b3cad2f.0",
        "@material/elevation": "14.0.0-canary.53b3cad2f.0",
        "@material/feature-targeting": "14.0.0-canary.53b3cad2f.0",
        "@material/list": "14.0.0-canary.53b3cad2f.0",
        "@material/menu-surface": "14.0.0-canary.53b3cad2f.0",
        "@material/ripple": "14.0.0-canary.53b3cad2f.0",
        "@material/rtl": "14.0.0-canary.53b3cad2f.0",
        "@material/theme": "14.0.0-canary.53b3cad2f.0",
        "tslib": "^2.1.0"
      }
    },
    "@material/menu-surface": {
      "version": "14.0.0-canary.53b3cad2f.0",
      "resolved": "https://registry.npmjs.org/@material/menu-surface/-/menu-surface-14.0.0-canary.53b3cad2f.0.tgz",
      "integrity": "sha512-IQWb/n15FpLnn+kHp0EqzLE+UoWSPumq3eze2QifiowvGb37bNFR9oSe7CaOzPMrHdkrZ5SBWnDU41wPZN5kOg==",
      "requires": {
        "@material/animation": "14.0.0-canary.53b3cad2f.0",
        "@material/base": "14.0.0-canary.53b3cad2f.0",
        "@material/elevation": "14.0.0-canary.53b3cad2f.0",
        "@material/feature-targeting": "14.0.0-canary.53b3cad2f.0",
        "@material/rtl": "14.0.0-canary.53b3cad2f.0",
        "@material/shape": "14.0.0-canary.53b3cad2f.0",
        "@material/theme": "14.0.0-canary.53b3cad2f.0",
        "tslib": "^2.1.0"
      }
    },
    "@material/mwc-base": {
      "version": "0.27.0",
      "resolved": "https://registry.npmjs.org/@material/mwc-base/-/mwc-base-0.27.0.tgz",
      "integrity": "sha512-oCWWtjbyQ52AaUbzINLGBKScIPyqhps2Y7c8t6Gu6fcFeDxhKXMV1Cqvtj/OMhtAt53XjHfD2XruWwYv3cYYUA==",
      "requires": {
        "@material/base": "=14.0.0-canary.53b3cad2f.0",
        "@material/dom": "=14.0.0-canary.53b3cad2f.0",
        "lit": "^2.0.0",
        "tslib": "^2.0.1"
      }
    },
    "@material/mwc-button": {
      "version": "0.27.0",
      "resolved": "https://registry.npmjs.org/@material/mwc-button/-/mwc-button-0.27.0.tgz",
      "integrity": "sha512-t5m2zfE93RNKHMjdsU67X6csFzuSG08VJKKvXVQ+BriGE3xBgzY5nZdmZXomFpaWjDENPAlyS4ppCFm6o+DILw==",
      "requires": {
        "@material/mwc-icon": "^0.27.0",
        "@material/mwc-ripple": "^0.27.0",
        "lit": "^2.0.0",
        "tslib": "^2.0.1"
      }
    },
    "@material/mwc-checkbox": {
      "version": "0.27.0",
      "resolved": "https://registry.npmjs.org/@material/mwc-checkbox/-/mwc-checkbox-0.27.0.tgz",
      "integrity": "sha512-EY0iYZLwo8qaqMwR5da4fdn0xI0BZNAvKTcwoubYWpDDHlGxDcqwvjp/40ChGo3Q/zv8/4/A0Qp7cwapI82EkA==",
      "requires": {
        "@material/mwc-base": "^0.27.0",
        "@material/mwc-ripple": "^0.27.0",
        "lit": "^2.0.0",
        "tslib": "^2.0.1"
      }
    },
    "@material/mwc-floating-label": {
      "version": "0.27.0",
      "resolved": "https://registry.npmjs.org/@material/mwc-floating-label/-/mwc-floating-label-0.27.0.tgz",
      "integrity": "sha512-uLleloTxQ6dDShcZzqgqfC8otQY8DtGMO9HFQbAEncoFAWpAehcEonsuT/IUhMORN+c5un0P5WXwcZsInJb7og==",
      "requires": {
        "@material/floating-label": "=14.0.0-canary.53b3cad2f.0",
        "lit": "^2.0.0",
        "tslib": "^2.0.1"
      }
    },
    "@material/mwc-icon": {
      "version": "0.27.0",
      "resolved": "https://registry.npmjs.org/@material/mwc-icon/-/mwc-icon-0.27.0.tgz",
      "integrity": "sha512-Sul44I37M9Ewynn0A9DjkEBrmll2VtNbth6Pxj7I1A/EAwEfaCrPvryyGqfIu1T2hTsRcaojzQx6QjF+B5QW9A==",
      "requires": {
        "lit": "^2.0.0",
        "tslib": "^2.0.1"
      }
    },
    "@material/mwc-line-ripple": {
      "version": "0.27.0",
      "resolved": "https://registry.npmjs.org/@material/mwc-line-ripple/-/mwc-line-ripple-0.27.0.tgz",
      "integrity": "sha512-n9Xpt5g3RJEl9rvk14OP6dUNJUtsJA46beTQiep7ppO7IPVFLC1v/5sPpUzfNPUBsclSPxdBuNlCxsgcIYueUw==",
      "requires": {
        "@material/line-ripple": "=14.0.0-canary.53b3cad2f.0",
        "lit": "^2.0.0",
        "tslib": "^2.0.1"
      }
    },
    "@material/mwc-list": {
      "version": "0.27.0",
      "resolved": "https://registry.npmjs.org/@material/mwc-list/-/mwc-list-0.27.0.tgz",
      "integrity": "sha512-oAhNQsBuAOgF3ENOIY8PeWjXsl35HoYaUkl0ixBQk8jJP2HIEf+MdbS5688y/UXxFbSjr0m//LfwR5gauEashg==",
      "requires": {
        "@material/base": "=14.0.0-canary.53b3cad2f.0",
        "@material/dom": "=14.0.0-canary.53b3cad2f.0",
        "@material/list": "=14.0.0-canary.53b3cad2f.0",
        "@material/mwc-base": "^0.27.0",
        "@material/mwc-checkbox": "^0.27.0",
        "@material/mwc-radio": "^0.27.0",
        "@material/mwc-ripple": "^0.27.0",
        "lit": "^2.0.0",
        "tslib": "^2.0.1"
      }
    },
    "@material/mwc-menu": {
      "version": "0.27.0",
      "resolved": "https://registry.npmjs.org/@material/mwc-menu/-/mwc-menu-0.27.0.tgz",
      "integrity": "sha512-K+L/t267ZGrlhjK/iSKUVZQKRMkWELArKVglfS5of93ALP4in0RGnj1sOG2u3IFI2F/mEZxRi+wr7HgNxpe0wA==",
      "requires": {
        "@material/menu": "=14.0.0-canary.53b3cad2f.0",
        "@material/menu-surface": "=14.0.0-canary.53b3cad2f.0",
        "@material/mwc-base": "^0.27.0",
        "@material/mwc-list": "^0.27.0",
        "@material/shape": "=14.0.0-canary.53b3cad2f.0",
        "@material/theme": "=14.0.0-canary.53b3cad2f.0",
        "lit": "^2.0.0",
        "tslib": "^2.0.1"
      }
    },
    "@material/mwc-notched-outline": {
      "version": "0.27.0",
      "resolved": "https://registry.npmjs.org/@material/mwc-notched-outline/-/mwc-notched-outline-0.27.0.tgz",
      "integrity": "sha512-IlqfQVaEd1RAHqhOG0Xk5JhTDgBe/P9og0pnACglK6bPE0vUhYKwibJiHcr4ACTPtGWHO9o92aktR+7AIEAKtQ==",
      "requires": {
        "@material/mwc-base": "^0.27.0",
        "@material/notched-outline": "=14.0.0-canary.53b3cad2f.0",
        "lit": "^2.0.0",
        "tslib": "^2.0.1"
      }
    },
    "@material/mwc-radio": {
      "version": "0.27.0",
      "resolved": "https://registry.npmjs.org/@material/mwc-radio/-/mwc-radio-0.27.0.tgz",
      "integrity": "sha512-+rSO9a373BgyMgQOM0Z8vVkuieobBylPJ8qpltytM+yGPj8+n+MtwRZyg+ry3WwEjYYDMP6GxZPHwLgWs6lMpQ==",
      "requires": {
        "@material/mwc-base": "^0.27.0",
        "@material/mwc-ripple": "^0.27.0",
        "@material/radio": "=14.0.0-canary.53b3cad2f.0",
        "lit": "^2.0.0",
        "tslib": "^2.0.1"
      }
    },
    "@material/mwc-ripple": {
      "version": "0.27.0",
      "resolved": "https://registry.npmjs.org/@material/mwc-ripple/-/mwc-ripple-0.27.0.tgz",
      "integrity": "sha512-by0O8d8g3Rd96/sUB8hxy6MrDx1QTstqOsA64vqypWd526hMTBGRik08jTNap5sVIyrN9Vq17jb4NJLWQLnNHQ==",
      "requires": {
        "@material/dom": "=14.0.0-canary.53b3cad2f.0",
        "@material/mwc-base": "^0.27.0",
        "@material/ripple": "=14.0.0-canary.53b3cad2f.0",
        "lit": "^2.0.0",
        "tslib": "^2.0.1"
      }
    },
    "@material/mwc-select": {
      "version": "0.27.0",
      "resolved": "https://registry.npmjs.org/@material/mwc-select/-/mwc-select-0.27.0.tgz",
      "integrity": "sha512-LTr2nl7gAYq8ung4eWfUz24mey4/K9vAlqJBo/uu6w0122C9X64szBS9kHAb87aD1oxLkxAJCDuv/wwlXV1i2w==",
      "requires": {
        "@material/dom": "=14.0.0-canary.53b3cad2f.0",
        "@material/floating-label": "=14.0.0-canary.53b3cad2f.0",
        "@material/line-ripple": "=14.0.0-canary.53b3cad2f.0",
        "@material/list": "=14.0.0-canary.53b3cad2f.0",
        "@material/mwc-base": "^0.27.0",
        "@material/mwc-floating-label": "^0.27.0",
        "@material/mwc-icon": "^0.27.0",
        "@material/mwc-line-ripple": "^0.27.0",
        "@material/mwc-list": "^0.27.0",
        "@material/mwc-menu": "^0.27.0",
        "@material/mwc-notched-outline": "^0.27.0",
        "@material/select": "=14.0.0-canary.53b3cad2f.0",
        "lit": "^2.0.0",
        "tslib": "^2.0.1"
      }
    },
    "@material/mwc-textfield": {
      "version": "0.27.0",
      "resolved": "https://registry.npmjs.org/@material/mwc-textfield/-/mwc-textfield-0.27.0.tgz",
      "integrity": "sha512-4/OEeEVAWWQ1DzpjeMLYLsa9HMlifOPjAvi0681Yj1g/RYJs5ONZS80HZ8HOT+efAOlZDugshgM4gdNS3I0XFQ==",
      "requires": {
        "@material/floating-label": "=14.0.0-canary.53b3cad2f.0",
        "@material/line-ripple": "=14.0.0-canary.53b3cad2f.0",
        "@material/mwc-base": "^0.27.0",
        "@material/mwc-floating-label": "^0.27.0",
        "@material/mwc-line-ripple": "^0.27.0",
        "@material/mwc-notched-outline": "^0.27.0",
        "@material/textfield": "=14.0.0-canary.53b3cad2f.0",
        "lit": "^2.0.0",
        "tslib": "^2.0.1"
      }
    },
    "@material/notched-outline": {
      "version": "14.0.0-canary.53b3cad2f.0",
      "resolved": "https://registry.npmjs.org/@material/notched-outline/-/notched-outline-14.0.0-canary.53b3cad2f.0.tgz",
      "integrity": "sha512-3ByiPOC/wWQmFKfgJS98kb5/6v92n7uIfJ6v6sryKJlJCJn39qfpGcCM5RpRIws1RET1s1zBJT2JDwYeu/hM5A==",
      "requires": {
        "@material/base": "14.0.0-canary.53b3cad2f.0",
        "@material/feature-targeting": "14.0.0-canary.53b3cad2f.0",
        "@material/floating-label": "14.0.0-canary.53b3cad2f.0",
        "@material/rtl": "14.0.0-canary.53b3cad2f.0",
        "@material/shape": "14.0.0-canary.53b3cad2f.0",
        "@material/theme": "14.0.0-canary.53b3cad2f.0",
        "tslib": "^2.1.0"
      }
    },
    "@material/radio": {
      "version": "14.0.0-canary.53b3cad2f.0",
      "resolved": "https://registry.npmjs.org/@material/radio/-/radio-14.0.0-canary.53b3cad2f.0.tgz",
      "integrity": "sha512-V/AgWEOuHFoh9d4Gq1rqBZnKSGtMLQNh23Bwrv0c1FhPqFvUpwt9jR3SVwhJk5gvQQWGy9p3iiGc9QCJ+0+P8Q==",
      "requires": {
        "@material/animation": "14.0.0-canary.53b3cad2f.0",
        "@material/base": "14.0.0-canary.53b3cad2f.0",
        "@material/density": "14.0.0-canary.53b3cad2f.0",
        "@material/dom": "14.0.0-canary.53b3cad2f.0",
        "@material/feature-targeting": "14.0.0-canary.53b3cad2f.0",
        "@material/focus-ring": "14.0.0-canary.53b3cad2f.0",
        "@material/ripple": "14.0.0-canary.53b3cad2f.0",
        "@material/theme": "14.0.0-canary.53b3cad2f.0",
        "@material/touch-target": "14.0.0-canary.53b3cad2f.0",
        "tslib": "^2.1.0"
      }
    },
    "@material/ripple": {
      "version": "14.0.0-canary.53b3cad2f.0",
      "resolved": "https://registry.npmjs.org/@material/ripple/-/ripple-14.0.0-canary.53b3cad2f.0.tgz",
      "integrity": "sha512-6g2G62vd8DsMuIUSXlRrzb98qkZ4o8ZREknNwNP2zaLQEOkJ//4j9HaqDt98/3LIjUTY9UIVFTQENiMmlwKHYQ==",
      "requires": {
        "@material/animation": "14.0.0-canary.53b3cad2f.0",
        "@material/base": "14.0.0-canary.53b3cad2f.0",
        "@material/dom": "14.0.0-canary.53b3cad2f.0",
        "@material/feature-targeting": "14.0.0-canary.53b3cad2f.0",
        "@material/rtl": "14.0.0-canary.53b3cad2f.0",
        "@material/theme": "14.0.0-canary.53b3cad2f.0",
        "tslib": "^2.1.0"
      }
    },
    "@material/rtl": {
      "version": "14.0.0-canary.53b3cad2f.0",
      "resolved": "https://registry.npmjs.org/@material/rtl/-/rtl-14.0.0-canary.53b3cad2f.0.tgz",
      "integrity": "sha512-f08LT0HSa0WYU+4Jz/tbm1TQ9Fcf2k+H6dPPYv0J1sZmX6hMgCEmNiUdUFLQFvszoXx2XrRi1/hIFjbz2e69Yg==",
      "requires": {
        "@material/theme": "14.0.0-canary.53b3cad2f.0",
        "tslib": "^2.1.0"
      }
    },
    "@material/select": {
      "version": "14.0.0-canary.53b3cad2f.0",
      "resolved": "https://registry.npmjs.org/@material/select/-/select-14.0.0-canary.53b3cad2f.0.tgz",
      "integrity": "sha512-fAiTaHZ1PIEmCUbufS+IZvsWO0hDxtbU8rOsbmSu1oupAboP7jSgOVgcCGdT9KY5WacrniIIMO6jZjhnvrC0Lg==",
      "requires": {
        "@material/animation": "14.0.0-canary.53b3cad2f.0",
        "@material/base": "14.0.0-canary.53b3cad2f.0",
        "@material/density": "14.0.0-canary.53b3cad2f.0",
        "@material/dom": "14.0.0-canary.53b3cad2f.0",
        "@material/elevation": "14.0.0-canary.53b3cad2f.0",
        "@material/feature-targeting": "14.0.0-canary.53b3cad2f.0",
        "@material/floating-label": "14.0.0-canary.53b3cad2f.0",
        "@material/line-ripple": "14.0.0-canary.53b3cad2f.0",
        "@material/list": "14.0.0-canary.53b3cad2f.0",
        "@material/menu": "14.0.0-canary.53b3cad2f.0",
        "@material/menu-surface": "14.0.0-canary.53b3cad2f.0",
        "@material/notched-outline": "14.0.0-canary.53b3cad2f.0",
        "@material/ripple": "14.0.0-canary.53b3cad2f.0",
        "@material/rtl": "14.0.0-canary.53b3cad2f.0",
        "@material/shape": "14.0.0-canary.53b3cad2f.0",
        "@material/theme": "14.0.0-canary.53b3cad2f.0",
        "@material/tokens": "14.0.0-canary.53b3cad2f.0",
        "@material/typography": "14.0.0-canary.53b3cad2f.0",
        "tslib": "^2.1.0"
      }
    },
    "@material/shape": {
      "version": "14.0.0-canary.53b3cad2f.0",
      "resolved": "https://registry.npmjs.org/@material/shape/-/shape-14.0.0-canary.53b3cad2f.0.tgz",
      "integrity": "sha512-RyjInLCNe+nI/ulKea0ZLHphXQDiDqYazS25SRn18g8Hoa5qGNaY5oOBncDXUYn3jm5oI5kFc9oif//kulkbjg==",
      "requires": {
        "@material/feature-targeting": "14.0.0-canary.53b3cad2f.0",
        "@material/rtl": "14.0.0-canary.53b3cad2f.0",
        "@material/theme": "14.0.0-canary.53b3cad2f.0",
        "tslib": "^2.1.0"
      }
    },
    "@material/textfield": {
      "version": "14.0.0-canary.53b3cad2f.0",
      "resolved": "https://registry.npmjs.org/@material/textfield/-/textfield-14.0.0-canary.53b3cad2f.0.tgz",
      "integrity": "sha512-Pla9Tr94Is18o97E/mqHKdkR24rPES9atGm3BlXrNzyr5tu6+h++RBbxy7V6IExcfl0MX+v9Gyqz7sPZzFtwMA==",
      "requires": {
        "@material/animation": "14.0.0-canary.53b3cad2f.0",
        "@material/base": "14.0.0-canary.53b3cad2f.0",
        "@material/density": "14.0.0-canary.53b3cad2f.0",
        "@material/dom": "14.0.0-canary.53b3cad2f.0",
        "@material/feature-targeting": "14.0.0-canary.53b3cad2f.0",
        "@material/floating-label": "14.0.0-canary.53b3cad2f.0",
        "@material/line-ripple": "14.0.0-canary.53b3cad2f.0",
        "@material/notched-outline": "14.0.0-canary.53b3cad2f.0",
        "@material/ripple": "14.0.0-canary.53b3cad2f.0",
        "@material/rtl": "14.0.0-canary.53b3cad2f.0",
        "@material/shape": "14.0.0-canary.53b3cad2f.0",
        "@material/theme": "14.0.0-canary.53b3cad2f.0",
        "@material/tokens": "14.0.0-canary.53b3cad2f.0",
        "@material/typography": "14.0.0-canary.53b3cad2f.0",
        "tslib": "^2.1.0"
      }
    },
    "@material/theme": {
      "version": "14.0.0-canary.53b3cad2f.0",
      "resolved": "https://registry.npmjs.org/@material/theme/-/theme-14.0.0-canary.53b3cad2f.0.tgz",
      "integrity": "sha512-S06XAevDCDWMe+GgsEpITMS07imUidzadNaTbJsqssFajBLr53QWVZsG84BpjXKXoYvyEJvb0hX5U0lq6ip9UQ==",
      "requires": {
        "@material/feature-targeting": "14.0.0-canary.53b3cad2f.0",
        "tslib": "^2.1.0"
      }
    },
    "@material/tokens": {
      "version": "14.0.0-canary.53b3cad2f.0",
      "resolved": "https://registry.npmjs.org/@material/tokens/-/tokens-14.0.0-canary.53b3cad2f.0.tgz",
      "integrity": "sha512-myHFB7vac8zErA3qgkqmV+kpE+i9JEwc/6Yf0MOumDSpylJGw28QikpNC6eAVBK2EmPQTaFn20mqUxyud8dGqw==",
      "requires": {
        "@material/elevation": "14.0.0-canary.53b3cad2f.0"
      }
    },
    "@material/touch-target": {
      "version": "14.0.0-canary.53b3cad2f.0",
      "resolved": "https://registry.npmjs.org/@material/touch-target/-/touch-target-14.0.0-canary.53b3cad2f.0.tgz",
      "integrity": "sha512-d83e5vbqoLyL542yOTTp4TLVltddWiqbI/j1w/D9ipE30YKfe2EDN+CNJc32Zufh5IUfK41DsZdrN8fI9cL99A==",
      "requires": {
        "@material/base": "14.0.0-canary.53b3cad2f.0",
        "@material/feature-targeting": "14.0.0-canary.53b3cad2f.0",
        "@material/rtl": "14.0.0-canary.53b3cad2f.0",
        "tslib": "^2.1.0"
      }
    },
    "@material/typography": {
      "version": "14.0.0-canary.53b3cad2f.0",
      "resolved": "https://registry.npmjs.org/@material/typography/-/typography-14.0.0-canary.53b3cad2f.0.tgz",
      "integrity": "sha512-9J0k2fq7uyHsRzRqJDJLGmg3YzRpfRPtFDVeUH/xBcYoqpZE7wYw5Mb7s/l8eP626EtR7HhXhSPjvRTLA6NIJg==",
      "requires": {
        "@material/feature-targeting": "14.0.0-canary.53b3cad2f.0",
        "@material/theme": "14.0.0-canary.53b3cad2f.0",
        "tslib": "^2.1.0"
      }
    },
    "@types/trusted-types": {
      "version": "2.0.2",
      "resolved": "https://registry.npmjs.org/@types/trusted-types/-/trusted-types-2.0.2.tgz",
      "integrity": "sha512-F5DIZ36YVLE+PN+Zwws4kJogq47hNgX3Nx6WyDJ3kcplxyke3XIzB8uK5n/Lpm1HBsbGzd6nmGehL8cPekP+Tg=="
    },
    "lit": {
      "version": "2.4.1",
      "resolved": "https://registry.npmjs.org/lit/-/lit-2.4.1.tgz",
      "integrity": "sha512-qohSgLiyN1cFnJG26dIiY03S4F49857A0AHQfnS0zYtnUVnD2MFvx+UT52rtXsIuNFQrnUupX+zyGSATlk1f/A==",
      "requires": {
        "@lit/reactive-element": "^1.4.0",
        "lit-element": "^3.2.0",
        "lit-html": "^2.4.0"
      }
    },
    "lit-element": {
      "version": "3.2.2",
      "resolved": "https://registry.npmjs.org/lit-element/-/lit-element-3.2.2.tgz",
      "integrity": "sha512-6ZgxBR9KNroqKb6+htkyBwD90XGRiqKDHVrW/Eh0EZ+l+iC+u+v+w3/BA5NGi4nizAVHGYvQBHUDuSmLjPp7NQ==",
      "requires": {
        "@lit/reactive-element": "^1.3.0",
        "lit-html": "^2.2.0"
      }
    },
    "lit-html": {
      "version": "2.4.0",
      "resolved": "https://registry.npmjs.org/lit-html/-/lit-html-2.4.0.tgz",
      "integrity": "sha512-G6qXu4JNUpY6aaF2VMfaszhO9hlWw0hOTRFDmuMheg/nDYGB+2RztUSOyrzALAbr8Nh0Y7qjhYkReh3rPnplVg==",
      "requires": {
        "@types/trusted-types": "^2.0.2"
      }
    },
    "tslib": {
      "version": "2.4.1",
      "resolved": "https://registry.npmjs.org/tslib/-/tslib-2.4.1.tgz",
      "integrity": "sha512-tGyy4dAjRIEwI7BzsB0lynWgOpfqjUdq91XXAlIWD2OwKBH7oCl/GZG/HT4BOHrTlPMOASlMQ7veyTqpmRcrNA=="
    }
  }
}
